
Microsoft Visual Studio Solution File, Format Version 12.00
# Visual Studio 2012
Project("{FAE04EC0-301F-11D3-BF4B-00C04F79EFBC}") = "ActiveActivity", "ActiveActivity\ActiveActivity.csproj", "{A706EBF1-B629-4E1C-A079-BC1FE1E06B18}"
EndProject
Global
	GlobalSection(SolutionConfigurationPlatforms) = preSolution
		Debug|Any CPU = Debug|Any CPU
		Release|Any CPU = Release|Any CPU
	EndGlobalSection
	GlobalSection(ProjectConfigurationPlatforms) = postSolution
		{A706EBF1-B629-4E1C-A079-BC1FE1E06B18}.Debug|Any CPU.ActiveCfg = Debug|Any CPU
		{A706EBF1-B629-4E1C-A079-BC1FE1E06B18}.Debug|Any CPU.Build.0 = Debug|Any CPU
		{A706EBF1-B629-4E1C-A079-BC1FE1E06B18}.Release|Any CPU.ActiveCfg = Release|Any CPU
		{A706EBF1-B629-4E1C-A079-BC1FE1E06B18}.Release|Any CPU.Build.0 = Release|Any CPU
	EndGlobalSection
	GlobalSection(MonoDevelopProperties) = preSolution
		Policies = $0
		$0.StandardHeader = $1
	EndGlobalSection
EndGlobal
